
Microsoft Visual Studio Solution File, Format Version 12.00
# Visual Studio 15
VisualStudioVersion = 15.0.28010.2016
MinimumVisualStudioVersion = 10.0.40219.1
Project("{FAE04EC0-301F-11D3-BF4B-00C04F79EFBC}") = "PH.Utility", "PH.Utility\PH.Utility.csproj", "{13EE3DD9-A6A9-4EAF-BB2F-45E9503A74E1}"
EndProject
Global
	GlobalSection(SolutionConfigurationPlatforms) = preSolution
		Debug|Any CPU = Debug|Any CPU
		Release|Any CPU = Release|Any CPU
	EndGlobalSection
	GlobalSection(ProjectConfigurationPlatforms) = postSolution
		{13EE3DD9-A6A9-4EAF-BB2F-45E9503A74E1}.Debug|Any CPU.ActiveCfg = Debug|Any CPU
		{13EE3DD9-A6A9-4EAF-BB2F-45E9503A74E1}.Debug|Any CPU.Build.0 = Debug|Any CPU
		{13EE3DD9-A6A9-4EAF-BB2F-45E9503A74E1}.Release|Any CPU.ActiveCfg = Release|Any CPU
		{13EE3DD9-A6A9-4EAF-BB2F-45E9503A74E1}.Release|Any CPU.Build.0 = Release|Any CPU
	EndGlobalSection
	GlobalSection(SolutionProperties) = preSolution
		HideSolutionNode = FALSE
	EndGlobalSection
	GlobalSection(ExtensibilityGlobals) = postSolution
		SolutionGuid = {F3A36822-A1A6-4A37-A479-2BF9E9450F45}
	EndGlobalSection
EndGlobal
